Microsoft Visual Studio Solution File, Format Version 12.00
# Visual Studio 15
VisualStudioVersion = 15.0.28010.2016
MinimumVisualStudioVersion = 10.0.40219.1
Project("{FAE04EC0-301F-11D3-BF4B-00C04F79EFBC}") = "Server", "Server.csproj", "{6EBB8C9D-E1E5-4312-9DD5-4B063A4FC885}"
EndProject
Project("{FAE04EC0-301F-11D3-BF4B-00C04F79EFBC}") = "KnownObjects", "..\KnownObjects\KnownObjects.csproj", "{22EF26CA-8723-4BF3-AF07-AAACB6E4D629}"
EndProject
Project("{FAE04EC0-301F-11D3-BF4B-00C04F79EFBC}") = "Client", "..\Client\Client.csproj", "{AB36B7CF-B4A6-47B6-8B4A-8D5FD484A548}"
EndProject
Global
	GlobalSection(SolutionConfigurationPlatforms) = preSolution
		Debug|Any CPU = Debug|Any CPU
		Release|Any CPU = Release|Any CPU
	EndGlobalSection
	GlobalSection(ProjectConfigurationPlatforms) = postSolution
		{6EBB8C9D-E1E5-4312-9DD5-4B063A4FC885}.Debug|Any CPU.ActiveCfg = Debug|Any CPU
		{6EBB8C9D-E1E5-4312-9DD5-4B063A4FC885}.Debug|Any CPU.Build.0 = Debug|Any CPU
		{6EBB8C9D-E1E5-4312-9DD5-4B063A4FC885}.Release|Any CPU.ActiveCfg = Release|Any CPU
		{6EBB8C9D-E1E5-4312-9DD5-4B063A4FC885}.Release|Any CPU.Build.0 = Release|Any CPU
		{22EF26CA-8723-4BF3-AF07-AAACB6E4D629}.Debug|Any CPU.ActiveCfg = Debug|Any CPU
		{22EF26CA-8723-4BF3-AF07-AAACB6E4D629}.Debug|Any CPU.Build.0 = Debug|Any CPU
		{22EF26CA-8723-4BF3-AF07-AAACB6E4D629}.Release|Any CPU.ActiveCfg = Release|Any CPU
		{22EF26CA-8723-4BF3-AF07-AAACB6E4D629}.Release|Any CPU.Build.0 = Release|Any CPU
		{AB36B7CF-B4A6-47B6-8B4A-8D5FD484A548}.Debug|Any CPU.ActiveCfg = Debug|Any CPU
		{AB36B7CF-B4A6-47B6-8B4A-8D5FD484A548}.Debug|Any CPU.Build.0 = Debug|Any CPU
		{AB36B7CF-B4A6-47B6-8B4A-8D5FD484A548}.Release|Any CPU.ActiveCfg = Release|Any CPU
		{AB36B7CF-B4A6-47B6-8B4A-8D5FD484A548}.Release|Any CPU.Build.0 = Release|Any CPU
	EndGlobalSection
	GlobalSection(SolutionProperties) = preSolution
		HideSolutionNode = FALSE
	EndGlobalSection
	GlobalSection(ExtensibilityGlobals) = postSolution
		SolutionGuid = {47275E88-7E68-4AF7-AC27-BACCCBA3716E}
	EndGlobalSection
EndGlobal
