
Microsoft Visual Studio Solution File, Format Version 12.00
# Visual Studio 15
VisualStudioVersion = 15.0.26730.16
MinimumVisualStudioVersion = 10.0.40219.1
Project("{FAE04EC0-301F-11D3-BF4B-00C04F79EFBC}") = "PuppetMaster", "GUI_User\PuppetMaster.csproj", "{B7A15A65-55C6-4F74-A7DF-60E7D6509AAA}"
EndProject
Project("{FAE04EC0-301F-11D3-BF4B-00C04F79EFBC}") = "Server", "ConsoleApp1\Server.csproj", "{252F273B-D891-4CD5-AC72-A8AF83EA99B7}"
EndProject
Project("{FAE04EC0-301F-11D3-BF4B-00C04F79EFBC}") = "ClassLibrary", "ClassLibrary1\ClassLibrary.csproj", "{53BB0E48-127C-4E8D-ADD7-21CBD0C1479E}"
EndProject
Project("{FAE04EC0-301F-11D3-BF4B-00C04F79EFBC}") = "Client", "Client\Client.csproj", "{FB875ACE-F732-4440-AEC7-3ABE3C15BBE5}"
EndProject
Project("{FAE04EC0-301F-11D3-BF4B-00C04F79EFBC}") = "PCS", "PCS\PCS.csproj", "{65FA2C62-3E5A-49A2-A426-892E97468854}"
EndProject
Project("{FAE04EC0-301F-11D3-BF4B-00C04F79EFBC}") = "CommonTypes", "CommonTypes\CommonTypes.csproj", "{985D9CFF-7A7A-4FAA-B20B-69AF84587183}"
EndProject
Global
	GlobalSection(SolutionConfigurationPlatforms) = preSolution
		Debug|Any CPU = Debug|Any CPU
		Release|Any CPU = Release|Any CPU
	EndGlobalSection
	GlobalSection(ProjectConfigurationPlatforms) = postSolution
		{B7A15A65-55C6-4F74-A7DF-60E7D6509AAA}.Debug|Any CPU.ActiveCfg = Debug|Any CPU
		{B7A15A65-55C6-4F74-A7DF-60E7D6509AAA}.Debug|Any CPU.Build.0 = Debug|Any CPU
		{B7A15A65-55C6-4F74-A7DF-60E7D6509AAA}.Release|Any CPU.ActiveCfg = Release|Any CPU
		{B7A15A65-55C6-4F74-A7DF-60E7D6509AAA}.Release|Any CPU.Build.0 = Release|Any CPU
		{252F273B-D891-4CD5-AC72-A8AF83EA99B7}.Debug|Any CPU.ActiveCfg = Debug|Any CPU
		{252F273B-D891-4CD5-AC72-A8AF83EA99B7}.Debug|Any CPU.Build.0 = Debug|Any CPU
		{252F273B-D891-4CD5-AC72-A8AF83EA99B7}.Release|Any CPU.ActiveCfg = Release|Any CPU
		{252F273B-D891-4CD5-AC72-A8AF83EA99B7}.Release|Any CPU.Build.0 = Release|Any CPU
		{53BB0E48-127C-4E8D-ADD7-21CBD0C1479E}.Debug|Any CPU.ActiveCfg = Debug|Any CPU
		{53BB0E48-127C-4E8D-ADD7-21CBD0C1479E}.Debug|Any CPU.Build.0 = Debug|Any CPU
		{53BB0E48-127C-4E8D-ADD7-21CBD0C1479E}.Release|Any CPU.ActiveCfg = Release|Any CPU
		{53BB0E48-127C-4E8D-ADD7-21CBD0C1479E}.Release|Any CPU.Build.0 = Release|Any CPU
		{FB875ACE-F732-4440-AEC7-3ABE3C15BBE5}.Debug|Any CPU.ActiveCfg = Debug|Any CPU
		{FB875ACE-F732-4440-AEC7-3ABE3C15BBE5}.Debug|Any CPU.Build.0 = Debug|Any CPU
		{FB875ACE-F732-4440-AEC7-3ABE3C15BBE5}.Release|Any CPU.ActiveCfg = Release|Any CPU
		{FB875ACE-F732-4440-AEC7-3ABE3C15BBE5}.Release|Any CPU.Build.0 = Release|Any CPU
		{65FA2C62-3E5A-49A2-A426-892E97468854}.Debug|Any CPU.ActiveCfg = Debug|Any CPU
		{65FA2C62-3E5A-49A2-A426-892E97468854}.Debug|Any CPU.Build.0 = Debug|Any CPU
		{65FA2C62-3E5A-49A2-A426-892E97468854}.Release|Any CPU.ActiveCfg = Release|Any CPU
		{65FA2C62-3E5A-49A2-A426-892E97468854}.Release|Any CPU.Build.0 = Release|Any CPU
		{985D9CFF-7A7A-4FAA-B20B-69AF84587183}.Debug|Any CPU.ActiveCfg = Debug|Any CPU
		{985D9CFF-7A7A-4FAA-B20B-69AF84587183}.Debug|Any CPU.Build.0 = Debug|Any CPU
		{985D9CFF-7A7A-4FAA-B20B-69AF84587183}.Release|Any CPU.ActiveCfg = Release|Any CPU
		{985D9CFF-7A7A-4FAA-B20B-69AF84587183}.Release|Any CPU.Build.0 = Release|Any CPU
	EndGlobalSection
	GlobalSection(SolutionProperties) = preSolution
		HideSolutionNode = FALSE
	EndGlobalSection
	GlobalSection(ExtensibilityGlobals) = postSolution
		SolutionGuid = {F1F318F5-8227-43FD-A1E0-CAA13B924EF1}
	EndGlobalSection
EndGlobal
