
Microsoft Visual Studio Solution File, Format Version 12.00
# Visual Studio 15
VisualStudioVersion = 15.0.28010.2016
MinimumVisualStudioVersion = 10.0.40219.1
Project("{FAE04EC0-301F-11D3-BF4B-00C04F79EFBC}") = "Server", "Server\Server.csproj", "{4D11574C-A9D6-4C80-B696-E0692994CE03}"
EndProject
Project("{FAE04EC0-301F-11D3-BF4B-00C04F79EFBC}") = "Common_types", "Common_types\Common_types.csproj", "{D98CB83D-8DA0-40DC-8825-34DF49405CBB}"
EndProject
Global
	GlobalSection(SolutionConfigurationPlatforms) = preSolution
		Debug|Any CPU = Debug|Any CPU
		Release|Any CPU = Release|Any CPU
	EndGlobalSection
	GlobalSection(ProjectConfigurationPlatforms) = postSolution
		{4D11574C-A9D6-4C80-B696-E0692994CE03}.Debug|Any CPU.ActiveCfg = Debug|Any CPU
		{4D11574C-A9D6-4C80-B696-E0692994CE03}.Debug|Any CPU.Build.0 = Debug|Any CPU
		{4D11574C-A9D6-4C80-B696-E0692994CE03}.Release|Any CPU.ActiveCfg = Release|Any CPU
		{4D11574C-A9D6-4C80-B696-E0692994CE03}.Release|Any CPU.Build.0 = Release|Any CPU
		{D98CB83D-8DA0-40DC-8825-34DF49405CBB}.Debug|Any CPU.ActiveCfg = Debug|Any CPU
		{D98CB83D-8DA0-40DC-8825-34DF49405CBB}.Debug|Any CPU.Build.0 = Debug|Any CPU
		{D98CB83D-8DA0-40DC-8825-34DF49405CBB}.Release|Any CPU.ActiveCfg = Release|Any CPU
		{D98CB83D-8DA0-40DC-8825-34DF49405CBB}.Release|Any CPU.Build.0 = Release|Any CPU
	EndGlobalSection
	GlobalSection(SolutionProperties) = preSolution
		HideSolutionNode = FALSE
	EndGlobalSection
	GlobalSection(ExtensibilityGlobals) = postSolution
		SolutionGuid = {E4C49AFA-FC49-4D58-9C09-0CC4129D28FB}
	EndGlobalSection
EndGlobal
